<?xml version="1.0" encoding="utf-8"?>
<Project ToolsVersion="4.0" xmlns="http://schemas.microsoft.com/developer/msbuild/2003">
  <ItemGroup>
    <ClCompile Include="List_Watcher.cpp" />
    <ClCompile Include="RpcHostWatcher.cpp" />
    <ClCompile Include="Zk_watcher.cpp" />
    <ClCompile Include="ZKClient.cpp" />
  </ItemGroup>
  <ItemGroup>
    <ClInclude Include="List_Watcher.h" />
    <ClInclude Include="RpcHostWatcher.h" />
    <ClInclude Include="Zk_watcher.h" />
    <ClInclude Include="ZKClient.h" />
  </ItemGroup>
</Project>